
Microsoft Visual Studio Solution File, Format Version 12.00
# Visual Studio Version 17
VisualStudioVersion = 17.6.33712.159
MinimumVisualStudioVersion = 10.0.40219.1
Project("{FAE04EC0-301F-11D3-BF4B-00C04F79EFBC}") = "Chessi", "Chessi.csproj", "{0DB605E7-126E-4C86-9B9A-2DF6AC331870}"
EndProject
Global
	GlobalSection(SolutionConfigurationPlatforms) = preSolution
		Debug|Any CPU = Debug|Any CPU
		Release|Any CPU = Release|Any CPU
	EndGlobalSection
	GlobalSection(ProjectConfigurationPlatforms) = postSolution
		{0DB605E7-126E-4C86-9B9A-2DF6AC331870}.Debug|Any CPU.ActiveCfg = Debug|Any CPU
		{0DB605E7-126E-4C86-9B9A-2DF6AC331870}.Debug|Any CPU.Build.0 = Debug|Any CPU
		{0DB605E7-126E-4C86-9B9A-2DF6AC331870}.Release|Any CPU.ActiveCfg = Release|Any CPU
		{0DB605E7-126E-4C86-9B9A-2DF6AC331870}.Release|Any CPU.Build.0 = Release|Any CPU
	EndGlobalSection
	GlobalSection(SolutionProperties) = preSolution
		HideSolutionNode = FALSE
	EndGlobalSection
	GlobalSection(ExtensibilityGlobals) = postSolution
		SolutionGuid = {9FD04027-E150-408E-A5CD-79FA5DFD9443}
	EndGlobalSection
EndGlobal
